
Microsoft Visual Studio Solution File, Format Version 12.00
# Visual Studio Version 16
VisualStudioVersion = 16.0.32510.428
MinimumVisualStudioVersion = 10.0.40219.1
Project("{FAE04EC0-301F-11D3-BF4B-00C04F79EFBC}") = "ApiConta", "ApiProva\ApiConta.csproj", "{FD29926C-955D-4BB6-AF04-885B3E664A6A}"
EndProject
Global
	GlobalSection(SolutionConfigurationPlatforms) = preSolution
		Debug|Any CPU = Debug|Any CPU
		Release|Any CPU = Release|Any CPU
	EndGlobalSection
	GlobalSection(ProjectConfigurationPlatforms) = postSolution
		{FD29926C-955D-4BB6-AF04-885B3E664A6A}.Debug|Any CPU.ActiveCfg = Debug|Any CPU
		{FD29926C-955D-4BB6-AF04-885B3E664A6A}.Debug|Any CPU.Build.0 = Debug|Any CPU
		{FD29926C-955D-4BB6-AF04-885B3E664A6A}.Release|Any CPU.ActiveCfg = Release|Any CPU
		{FD29926C-955D-4BB6-AF04-885B3E664A6A}.Release|Any CPU.Build.0 = Release|Any CPU
	EndGlobalSection
	GlobalSection(SolutionProperties) = preSolution
		HideSolutionNode = FALSE
	EndGlobalSection
	GlobalSection(ExtensibilityGlobals) = postSolution
		SolutionGuid = {25D45EBC-C275-4EC3-BB2E-8B92DC94D297}
	EndGlobalSection
EndGlobal
